
Microsoft Visual Studio Solution File, Format Version 12.00
# Visual Studio 15
VisualStudioVersion = 15.0.27130.2010
MinimumVisualStudioVersion = 10.0.40219.1
Project("{8BC9CEB8-8B4A-11D0-8D11-00A0C91BC942}") = "Galaxy", "Galaxy\Galaxy.vcxproj", "{8227A358-2445-41FF-844A-A500B8017FFE}"
EndProject
Global
	GlobalSection(SolutionConfigurationPlatforms) = preSolution
		Debug|x64 = Debug|x64
		Debug|x86 = Debug|x86
		Release|x64 = Release|x64
		Release|x86 = Release|x86
	EndGlobalSection
	GlobalSection(ProjectConfigurationPlatforms) = postSolution
		{8227A358-2445-41FF-844A-A500B8017FFE}.Debug|x64.ActiveCfg = Debug|x64
		{8227A358-2445-41FF-844A-A500B8017FFE}.Debug|x64.Build.0 = Debug|x64
		{8227A358-2445-41FF-844A-A500B8017FFE}.Debug|x86.ActiveCfg = Debug|Win32
		{8227A358-2445-41FF-844A-A500B8017FFE}.Debug|x86.Build.0 = Debug|Win32
		{8227A358-2445-41FF-844A-A500B8017FFE}.Release|x64.ActiveCfg = Release|x64
		{8227A358-2445-41FF-844A-A500B8017FFE}.Release|x64.Build.0 = Release|x64
		{8227A358-2445-41FF-844A-A500B8017FFE}.Release|x86.ActiveCfg = Release|Win32
		{8227A358-2445-41FF-844A-A500B8017FFE}.Release|x86.Build.0 = Release|Win32
	EndGlobalSection
	GlobalSection(SolutionProperties) = preSolution
		HideSolutionNode = FALSE
	EndGlobalSection
	GlobalSection(ExtensibilityGlobals) = postSolution
		SolutionGuid = {225EDD24-675E-4FEA-ACF1-34FA14C6AF92}
	EndGlobalSection
EndGlobal
